
Microsoft Visual Studio Solution File, Format Version 12.00
# Visual Studio Version 16
VisualStudioVersion = 16.0.28803.352
MinimumVisualStudioVersion = 10.0.40219.1
Project("{FAE04EC0-301F-11D3-BF4B-00C04F79EFBC}") = "WaterLevelSensorEmulator", "WaterLevelSensorEmulator\WaterLevelSensorEmulator.csproj", "{76DD6446-6DB1-48B0-8489-56B8C3D66162}"
EndProject
Global
	GlobalSection(SolutionConfigurationPlatforms) = preSolution
		Debug|Any CPU = Debug|Any CPU
		Release|Any CPU = Release|Any CPU
	EndGlobalSection
	GlobalSection(ProjectConfigurationPlatforms) = postSolution
		{76DD6446-6DB1-48B0-8489-56B8C3D66162}.Debug|Any CPU.ActiveCfg = Debug|Any CPU
		{76DD6446-6DB1-48B0-8489-56B8C3D66162}.Debug|Any CPU.Build.0 = Debug|Any CPU
		{76DD6446-6DB1-48B0-8489-56B8C3D66162}.Release|Any CPU.ActiveCfg = Release|Any CPU
		{76DD6446-6DB1-48B0-8489-56B8C3D66162}.Release|Any CPU.Build.0 = Release|Any CPU
	EndGlobalSection
	GlobalSection(SolutionProperties) = preSolution
		HideSolutionNode = FALSE
	EndGlobalSection
	GlobalSection(ExtensibilityGlobals) = postSolution
		SolutionGuid = {1BC7E9AC-4F8F-46FE-9866-69DE72FD6450}
	EndGlobalSection
EndGlobal
